
Microsoft Visual Studio Solution File, Format Version 12.00
# Visual Studio Version 17
VisualStudioVersion = 17.3.32929.385
MinimumVisualStudioVersion = 10.0.40219.1
Project("{9A19103F-16F7-4668-BE54-9A1E7A4F7556}") = "CompanyDetailMinimalApi", "CompanyDetailMinimalApi\CompanyDetailMinimalApi.csproj", "{710F50F2-2B08-485C-9FE2-8ED17F9A4C1D}"
EndProject
Project("{9A19103F-16F7-4668-BE54-9A1E7A4F7556}") = "PartnerApi", "PartnerApi\PartnerApi.csproj", "{6466554D-C2EC-44F1-9790-C58BDD905BEE}"
EndProject
Project("{FAE04EC0-301F-11D3-BF4B-00C04F79EFBC}") = "DynamoDbUtils", "DynamoDbUtils\DynamoDbUtils.csproj", "{DFE34F55-9112-48EC-9152-39C5EBFCC285}"
EndProject
Global
	GlobalSection(SolutionConfigurationPlatforms) = preSolution
		Debug|Any CPU = Debug|Any CPU
		Release|Any CPU = Release|Any CPU
	EndGlobalSection
	GlobalSection(ProjectConfigurationPlatforms) = postSolution
		{710F50F2-2B08-485C-9FE2-8ED17F9A4C1D}.Debug|Any CPU.ActiveCfg = Debug|Any CPU
		{710F50F2-2B08-485C-9FE2-8ED17F9A4C1D}.Debug|Any CPU.Build.0 = Debug|Any CPU
		{710F50F2-2B08-485C-9FE2-8ED17F9A4C1D}.Release|Any CPU.ActiveCfg = Release|Any CPU
		{710F50F2-2B08-485C-9FE2-8ED17F9A4C1D}.Release|Any CPU.Build.0 = Release|Any CPU
		{6466554D-C2EC-44F1-9790-C58BDD905BEE}.Debug|Any CPU.ActiveCfg = Debug|Any CPU
		{6466554D-C2EC-44F1-9790-C58BDD905BEE}.Debug|Any CPU.Build.0 = Debug|Any CPU
		{6466554D-C2EC-44F1-9790-C58BDD905BEE}.Release|Any CPU.ActiveCfg = Release|Any CPU
		{6466554D-C2EC-44F1-9790-C58BDD905BEE}.Release|Any CPU.Build.0 = Release|Any CPU
		{DFE34F55-9112-48EC-9152-39C5EBFCC285}.Debug|Any CPU.ActiveCfg = Debug|Any CPU
		{DFE34F55-9112-48EC-9152-39C5EBFCC285}.Debug|Any CPU.Build.0 = Debug|Any CPU
		{DFE34F55-9112-48EC-9152-39C5EBFCC285}.Release|Any CPU.ActiveCfg = Release|Any CPU
		{DFE34F55-9112-48EC-9152-39C5EBFCC285}.Release|Any CPU.Build.0 = Release|Any CPU
	EndGlobalSection
	GlobalSection(SolutionProperties) = preSolution
		HideSolutionNode = FALSE
	EndGlobalSection
	GlobalSection(ExtensibilityGlobals) = postSolution
		SolutionGuid = {46CE86DC-5477-4C9B-BC7C-83166EACD40E}
	EndGlobalSection
EndGlobal
